{
  "name": "@mapbox/decrypt-kms-env",
  "version": "3.0.0",
  "lockfileVersion": 3,
  "requires": true,
  "packages": {
    "": {
      "name": "@mapbox/decrypt-kms-env",
      "version": "3.0.0",
      "license": "ISC",
      "dependencies": {
        "aws-sdk": "^2.292.0",
        "d3-queue": "^3.0.7"
      },
      "bin": {
        "decrypt-kms-env": "bin/decrypt-kms-env"
      },
      "devDependencies": {
        "aws-sdk-mock": "^4.1.0",
        "tape": "^4.9.1"
      }
    },
    "node_modules/@sinonjs/commons": {
      "version": "1.0.2",
      "resolved": "https://registry.npmjs.org/@sinonjs/commons/-/commons-1.0.2.tgz",
      "integrity": "sha512-WR3dlgqJP4QNrLC4iXN/5/2WaLQQ0VijOOkmflqFGVJ6wLEpbSjo7c0ZeGIdtY8Crk7xBBp87sM6+Mkerz7alw==",
      "dev": true,
      "dependencies": {
        "type-detect": "4.0.8"
      }
    },
    "node_modules/@sinonjs/formatio": {
      "version": "3.0.0",
      "resolved": "https://registry.npmjs.org/@sinonjs/formatio/-/formatio-3.0.0.tgz",
      "integrity": "sha512-vdjoYLDptCgvtJs57ULshak3iJe4NW3sJ3g36xVDGff5AE8P30S6A093EIEPjdi2noGhfuNOEkbxt3J3awFW1w==",
      "dev": true,
      "dependencies": {
        "@sinonjs/samsam": "2.1.0"
      }
    },
    "node_modules/@sinonjs/formatio/node_modules/@sinonjs/samsam": {
      "version": "2.1.0",
      "resolved": "https://registry.npmjs.org/@sinonjs/samsam/-/samsam-2.1.0.tgz",
      "integrity": "sha512-5x2kFgJYupaF1ns/RmharQ90lQkd2ELS8A9X0ymkAAdemYHGtI2KiUHG8nX2WU0T1qgnOU5YMqnBM2V7NUanNw==",
      "dev": true,
      "dependencies": {
        "array-from": "^2.1.1"
      }
    },
    "node_modules/@sinonjs/samsam": {
      "version": "2.1.1",
      "resolved": "https://registry.npmjs.org/@sinonjs/samsam/-/samsam-2.1.1.tgz",
      "integrity": "sha512-7oX6PXMulvdN37h88dvlvRyu61GYZau40fL4wEZvPEHvrjpJc3lDv6xDM5n4Z0StufUVB5nDvVZUM+jZHdMOOQ==",
      "dev": true,
      "dependencies": {
        "array-from": "^2.1.1"
      }
    },
    "node_modules/array-from": {
      "version": "2.1.1",
      "resolved": "https://registry.npmjs.org/array-from/-/array-from-2.1.1.tgz",
      "integrity": "sha1-z+nYwmYoudxa7MYqn12PHzUsEZU=",
      "dev": true
    },
    "node_modules/available-typed-arrays": {
      "version": "1.0.7",
      "resolved": "https://registry.npmjs.org/available-typed-arrays/-/available-typed-arrays-1.0.7.tgz",
      "integrity": "sha512-wvUjBtSGN7+7SjNpq/9M2Tg350UZD3q62IFZLbRAR1bSMlCo1ZaeW+BJ+D090e4hIIZLBcTDWe4Mh4jvUDajzQ==",
      "license": "MIT",
      "dependencies": {
        "possible-typed-array-names": "^1.0.0"
      },
      "engines": {
        "node": ">= 0.4"
      },
      "funding": {
        "url": "https://github.com/sponsors/ljharb"
      }
    },
    "node_modules/aws-sdk": {
      "version": "2.1692.0",
      "resolved": "https://registry.npmjs.org/aws-sdk/-/aws-sdk-2.1692.0.tgz",
      "integrity": "sha512-x511uiJ/57FIsbgUe5csJ13k3uzu25uWQE+XqfBis/sB0SFoiElJWXRkgEAUh0U6n40eT3ay5Ue4oPkRMu1LYw==",
      "hasInstallScript": true,
      "license": "Apache-2.0",
      "dependencies": {
        "buffer": "4.9.2",
        "events": "1.1.1",
        "ieee754": "1.1.13",
        "jmespath": "0.16.0",
        "querystring": "0.2.0",
        "sax": "1.2.1",
        "url": "0.10.3",
        "util": "^0.12.4",
        "uuid": "8.0.0",
        "xml2js": "0.6.2"
      },
      "engines": {
        "node": ">= 10.0.0"
      }
    },
    "node_modules/aws-sdk-mock": {
      "version": "4.1.0",
      "resolved": "https://registry.npmjs.org/aws-sdk-mock/-/aws-sdk-mock-4.1.0.tgz",
      "integrity": "sha512-JZoLKMzgYXzDdpyKdgw+4JG9nKFd/oab8VDTnwd6iY/mHjmuQUx7kFlOMZ5pNdMK/jcY02Ks7oECHC+ZnwLwqw==",
      "dev": true,
      "dependencies": {
        "aws-sdk": "^2.260.1",
        "sinon": "^6.0.0",
        "traverse": "^0.6.6"
      }
    },
    "node_modules/balanced-match": {
      "version": "1.0.0",
      "resolved": "https://registry.npmjs.org/balanced-match/-/balanced-match-1.0.0.tgz",
      "integrity": "sha1-ibTRmasr7kneFk6gK4nORi1xt2c=",
      "dev": true
    },
    "node_modules/base64-js": {
      "version": "1.5.1",
      "resolved": "https://registry.npmjs.org/base64-js/-/base64-js-1.5.1.tgz",
      "integrity": "sha512-AKpaYlHn8t4SVbOHCy+b5+KKgvR4vrsD8vbvrbiQJps7fKDTkjkDry6ji0rUJjC0kzbNePLwzxq8iypo41qeWA==",
      "funding": [
        {
          "type": "github",
          "url": "https://github.com/sponsors/feross"
        },
        {
          "type": "patreon",
          "url": "https://www.patreon.com/feross"
        },
        {
          "type": "consulting",
          "url": "https://feross.org/support"
        }
      ],
      "license": "MIT"
    },
    "node_modules/brace-expansion": {
      "version": "1.1.11",
      "resolved": "https://registry.npmjs.org/brace-expansion/-/brace-expansion-1.1.11.tgz",
      "integrity": "sha512-iCuPHDFgrHX7H2vEI/5xpz07zSHB00TpugqhmYtVmMO6518mCuRMoOYFldEBl0g187ufozdaHgWKcYFb61qGiA==",
      "dev": true,
      "dependencies": {
        "balanced-match": "^1.0.0",
        "concat-map": "0.0.1"
      }
    },
    "node_modules/buffer": {
      "version": "4.9.2",
      "resolved": "http://registry.npmjs.org/buffer/-/buffer-4.9.2.tgz",
      "integrity": "sha512-xq+q3SRMOxGivLhBNaUdC64hDTQwejJ+H0T/NB1XMtTVEwNTrfFF3gAxiyW0Bu/xWEGhjVKgUcMhCrUy2+uCWg==",
      "license": "MIT",
      "dependencies": {
        "base64-js": "^1.0.2",
        "ieee754": "^1.1.4",
        "isarray": "^1.0.0"
      }
    },
    "node_modules/call-bind": {
      "version": "1.0.8",
      "resolved": "https://registry.npmjs.org/call-bind/-/call-bind-1.0.8.tgz",
      "integrity": "sha512-oKlSFMcMwpUg2ednkhQ454wfWiU/ul3CkJe/PEHcTKuiX6RpbehUiFMXu13HalGZxfUwCQzZG747YXBn1im9ww==",
      "license": "MIT",
      "dependencies": {
        "call-bind-apply-helpers": "^1.0.0",
        "es-define-property": "^1.0.0",
        "get-intrinsic": "^1.2.4",
        "set-function-length": "^1.2.2"
      },
      "engines": {
        "node": ">= 0.4"
      },
      "funding": {
        "url": "https://github.com/sponsors/ljharb"
      }
    },
    "node_modules/call-bind-apply-helpers": {
      "version": "1.0.2",
      "resolved": "https://registry.npmjs.org/call-bind-apply-helpers/-/call-bind-apply-helpers-1.0.2.tgz",
      "integrity": "sha512-Sp1ablJ0ivDkSzjcaJdxEunN5/XvksFJ2sMBFfq6x0ryhQV/2b/KwFe21cMpmHtPOSij8K99/wSfoEuTObmuMQ==",
      "license": "MIT",
      "dependencies": {
        "es-errors": "^1.3.0",
        "function-bind": "^1.1.2"
      },
      "engines": {
        "node": ">= 0.4"
      }
    },
    "node_modules/call-bound": {
      "version": "1.0.4",
      "resolved": "https://registry.npmjs.org/call-bound/-/call-bound-1.0.4.tgz",
      "integrity": "sha512-+ys997U96po4Kx/ABpBCqhA9EuxJaQWDQg7295H4hBphv3IZg0boBKuwYpt4YXp6MZ5AmZQnU/tyMTlRpaSejg==",
      "license": "MIT",
      "dependencies": {
        "call-bind-apply-helpers": "^1.0.2",
        "get-intrinsic": "^1.3.0"
      },
      "engines": {
        "node": ">= 0.4"
      },
      "funding": {
        "url": "https://github.com/sponsors/ljharb"
      }
    },
    "node_modules/concat-map": {
      "version": "0.0.1",
      "resolved": "https://registry.npmjs.org/concat-map/-/concat-map-0.0.1.tgz",
      "integrity": "sha1-2Klr13/Wjfd5OnMDajug1UBdR3s=",
      "dev": true
    },
    "node_modules/d3-queue": {
      "version": "3.0.7",
      "resolved": "https://registry.npmjs.org/d3-queue/-/d3-queue-3.0.7.tgz",
      "integrity": "sha1-yTouVLQXwJWRKdfXP2z31Ckudhg="
    },
    "node_modules/deep-equal": {
      "version": "1.0.1",
      "resolved": "https://registry.npmjs.org/deep-equal/-/deep-equal-1.0.1.tgz",
      "integrity": "sha1-9dJgKStmDghO/0zbyfCK0yR0SLU=",
      "dev": true
    },
    "node_modules/define-data-property": {
      "version": "1.1.4",
      "resolved": "https://registry.npmjs.org/define-data-property/-/define-data-property-1.1.4.tgz",
      "integrity": "sha512-rBMvIzlpA8v6E+SJZoo++HAYqsLrkg7MSfIinMPFhmkorw7X+dOXVJQs+QT69zGkzMyfDnIMN2Wid1+NbL3T+A==",
      "license": "MIT",
      "dependencies": {
        "es-define-property": "^1.0.0",
        "es-errors": "^1.3.0",
        "gopd": "^1.0.1"
      },
      "engines": {
        "node": ">= 0.4"
      },
      "funding": {
        "url": "https://github.com/sponsors/ljharb"
      }
    },
    "node_modules/define-properties": {
      "version": "1.1.3",
      "resolved": "https://registry.npmjs.org/define-properties/-/define-properties-1.1.3.tgz",
      "integrity": "sha512-3MqfYKj2lLzdMSf8ZIZE/V+Zuy+BgD6f164e8K2w7dgnpKArBDerGYpM46IYYcjnkdPNMjPk9A6VFB8+3SKlXQ==",
      "dev": true,
      "dependencies": {
        "object-keys": "^1.0.12"
      },
      "engines": {
        "node": ">= 0.4"
      }
    },
    "node_modules/defined": {
      "version": "1.0.0",
      "resolved": "https://registry.npmjs.org/defined/-/defined-1.0.0.tgz",
      "integrity": "sha1-yY2bzvdWdBiOEQlpFRGZ45sfppM=",
      "dev": true
    },
    "node_modules/diff": {
      "version": "3.5.0",
      "resolved": "https://registry.npmjs.org/diff/-/diff-3.5.0.tgz",
      "integrity": "sha512-A46qtFgd+g7pDZinpnwiRJtxbC1hpgf0uzP3iG89scHk0AUC7A1TGxf5OiiOUv/JMZR8GOt8hL900hV0bOy5xA==",
      "dev": true,
      "engines": {
        "node": ">=0.3.1"
      }
    },
    "node_modules/dunder-proto": {
      "version": "1.0.1",
      "resolved": "https://registry.npmjs.org/dunder-proto/-/dunder-proto-1.0.1.tgz",
      "integrity": "sha512-KIN/nDJBQRcXw0MLVhZE9iQHmG68qAVIBg9CqmUYjmQIhgij9U5MFvrqkUL5FbtyyzZuOeOt0zdeRe4UY7ct+A==",
      "license": "MIT",
      "dependencies": {
        "call-bind-apply-helpers": "^1.0.1",
        "es-errors": "^1.3.0",
        "gopd": "^1.2.0"
      },
      "engines": {
        "node": ">= 0.4"
      }
    },
    "node_modules/es-abstract": {
      "version": "1.12.0",
      "resolved": "https://registry.npmjs.org/es-abstract/-/es-abstract-1.12.0.tgz",
      "integrity": "sha512-C8Fx/0jFmV5IPoMOFPA9P9G5NtqW+4cOPit3MIuvR2t7Ag2K15EJTpxnHAYTzL+aYQJIESYeXZmDBfOBE1HcpA==",
      "dev": true,
      "dependencies": {
        "es-to-primitive": "^1.1.1",
        "function-bind": "^1.1.1",
        "has": "^1.0.1",
        "is-callable": "^1.1.3",
        "is-regex": "^1.0.4"
      },
      "engines": {
        "node": ">= 0.4"
      }
    },
    "node_modules/es-define-property": {
      "version": "1.0.1",
      "resolved": "https://registry.npmjs.org/es-define-property/-/es-define-property-1.0.1.tgz",
      "integrity": "sha512-e3nRfgfUZ4rNGL232gUgX06QNyyez04KdjFrF+LTRoOXmrOgFKDg4BCdsjW8EnT69eqdYGmRpJwiPVYNrCaW3g==",
      "license": "MIT",
      "engines": {
        "node": ">= 0.4"
      }
    },
    "node_modules/es-errors": {
      "version": "1.3.0",
      "resolved": "https://registry.npmjs.org/es-errors/-/es-errors-1.3.0.tgz",
      "integrity": "sha512-Zf5H2Kxt2xjTvbJvP2ZWLEICxA6j+hAmMzIlypy4xcBg1vKVnx89Wy0GbS+kf5cwCVFFzdCFh2XSCFNULS6csw==",
      "license": "MIT",
      "engines": {
        "node": ">= 0.4"
      }
    },
    "node_modules/es-object-atoms": {
      "version": "1.1.1",
      "resolved": "https://registry.npmjs.org/es-object-atoms/-/es-object-atoms-1.1.1.tgz",
      "integrity": "sha512-FGgH2h8zKNim9ljj7dankFPcICIK9Cp5bm+c2gQSYePhpaG5+esrLODihIorn+Pe6FGJzWhXQotPv73jTaldXA==",
      "license": "MIT",
      "dependencies": {
        "es-errors": "^1.3.0"
      },
      "engines": {
        "node": ">= 0.4"
      }
    },
    "node_modules/es-to-primitive": {
      "version": "1.2.0",
      "resolved": "https://registry.npmjs.org/es-to-primitive/-/es-to-primitive-1.2.0.tgz",
      "integrity": "sha512-qZryBOJjV//LaxLTV6UC//WewneB3LcXOL9NP++ozKVXsIIIpm/2c13UDiD9Jp2eThsecw9m3jPqDwTyobcdbg==",
      "dev": true,
      "dependencies": {
        "is-callable": "^1.1.4",
        "is-date-object": "^1.0.1",
        "is-symbol": "^1.0.2"
      },
      "engines": {
        "node": ">= 0.4"
      }
    },
    "node_modules/events": {
      "version": "1.1.1",
      "resolved": "http://registry.npmjs.org/events/-/events-1.1.1.tgz",
      "integrity": "sha1-nr23Y1rQmccNzEwqH1AEKI6L2SQ=",
      "engines": {
        "node": ">=0.4.x"
      }
    },
    "node_modules/for-each": {
      "version": "0.3.5",
      "resolved": "https://registry.npmjs.org/for-each/-/for-each-0.3.5.tgz",
      "integrity": "sha512-dKx12eRCVIzqCxFGplyFKJMPvLEWgmNtUrpTiJIR5u97zEhRG8ySrtboPHZXx7daLxQVrl643cTzbab2tkQjxg==",
      "license": "MIT",
      "dependencies": {
        "is-callable": "^1.2.7"
      },
      "engines": {
        "node": ">= 0.4"
      },
      "funding": {
        "url": "https://github.com/sponsors/ljharb"
      }
    },
    "node_modules/fs.realpath": {
      "version": "1.0.0",
      "resolved": "https://registry.npmjs.org/fs.realpath/-/fs.realpath-1.0.0.tgz",
      "integrity": "sha1-FQStJSMVjKpA20onh8sBQRmU6k8=",
      "dev": true
    },
    "node_modules/function-bind": {
      "version": "1.1.2",
      "resolved": "https://registry.npmjs.org/function-bind/-/function-bind-1.1.2.tgz",
      "integrity": "sha512-7XHNxH7qX9xG5mIwxkhumTox/MIRNcOgDrxWsMt2pAr23WHp6MrRlN7FBSFpCpr+oVO0F744iUgR82nJMfG2SA==",
      "license": "MIT",
      "funding": {
        "url": "https://github.com/sponsors/ljharb"
      }
    },
    "node_modules/get-intrinsic": {
      "version": "1.3.0",
      "resolved": "https://registry.npmjs.org/get-intrinsic/-/get-intrinsic-1.3.0.tgz",
      "integrity": "sha512-9fSjSaos/fRIVIp+xSJlE6lfwhES7LNtKaCBIamHsjr2na1BiABJPo0mOjjz8GJDURarmCPGqaiVg5mfjb98CQ==",
      "license": "MIT",
      "dependencies": {
        "call-bind-apply-helpers": "^1.0.2",
        "es-define-property": "^1.0.1",
        "es-errors": "^1.3.0",
        "es-object-atoms": "^1.1.1",
        "function-bind": "^1.1.2",
        "get-proto": "^1.0.1",
        "gopd": "^1.2.0",
        "has-symbols": "^1.1.0",
        "hasown": "^2.0.2",
        "math-intrinsics": "^1.1.0"
      },
      "engines": {
        "node": ">= 0.4"
      },
      "funding": {
        "url": "https://github.com/sponsors/ljharb"
      }
    },
    "node_modules/get-proto": {
      "version": "1.0.1",
      "resolved": "https://registry.npmjs.org/get-proto/-/get-proto-1.0.1.tgz",
      "integrity": "sha512-sTSfBjoXBp89JvIKIefqw7U2CCebsc74kiY6awiGogKtoSGbgjYE/G/+l9sF3MWFPNc9IcoOC4ODfKHfxFmp0g==",
      "license": "MIT",
      "dependencies": {
        "dunder-proto": "^1.0.1",
        "es-object-atoms": "^1.0.0"
      },
      "engines": {
        "node": ">= 0.4"
      }
    },
    "node_modules/glob": {
      "version": "7.1.3",
      "resolved": "https://registry.npmjs.org/glob/-/glob-7.1.3.tgz",
      "integrity": "sha512-vcfuiIxogLV4DlGBHIUOwI0IbrJ8HWPc4MU7HzviGeNho/UJDfi6B5p3sHeWIQ0KGIU0Jpxi5ZHxemQfLkkAwQ==",
      "deprecated": "Glob versions prior to v9 are no longer supported",
      "dev": true,
      "dependencies": {
        "fs.realpath": "^1.0.0",
        "inflight": "^1.0.4",
        "inherits": "2",
        "minimatch": "^3.0.4",
        "once": "^1.3.0",
        "path-is-absolute": "^1.0.0"
      },
      "engines": {
        "node": "*"
      }
    },
    "node_modules/gopd": {
      "version": "1.2.0",
      "resolved": "https://registry.npmjs.org/gopd/-/gopd-1.2.0.tgz",
      "integrity": "sha512-ZUKRh6/kUFoAiTAtTYPZJ3hw9wNxx+BIBOijnlG9PnrJsCcSjs1wyyD6vJpaYtgnzDrKYRSqf3OO6Rfa93xsRg==",
      "license": "MIT",
      "engines": {
        "node": ">= 0.4"
      },
      "funding": {
        "url": "https://github.com/sponsors/ljharb"
      }
    },
    "node_modules/has": {
      "version": "1.0.3",
      "resolved": "https://registry.npmjs.org/has/-/has-1.0.3.tgz",
      "integrity": "sha512-f2dvO0VU6Oej7RkWJGrehjbzMAjFp5/VKPp5tTpWIV4JHHZK1/BxbFRtf/siA2SWTe09caDmVtYYzWEIbBS4zw==",
      "dev": true,
      "dependencies": {
        "function-bind": "^1.1.1"
      },
      "engines": {
        "node": ">= 0.4.0"
      }
    },
    "node_modules/has-flag": {
      "version": "3.0.0",
      "resolved": "https://registry.npmjs.org/has-flag/-/has-flag-3.0.0.tgz",
      "integrity": "sha1-tdRU3CGZriJWmfNGfloH87lVuv0=",
      "dev": true,
      "engines": {
        "node": ">=4"
      }
    },
    "node_modules/has-property-descriptors": {
      "version": "1.0.2",
      "resolved": "https://registry.npmjs.org/has-property-descriptors/-/has-property-descriptors-1.0.2.tgz",
      "integrity": "sha512-55JNKuIW+vq4Ke1BjOTjM2YctQIvCT7GFzHwmfZPGo5wnrgkid0YQtnAleFSqumZm4az3n2BS+erby5ipJdgrg==",
      "license": "MIT",
      "dependencies": {
        "es-define-property": "^1.0.0"
      },
      "funding": {
        "url": "https://github.com/sponsors/ljharb"
      }
    },
    "node_modules/has-symbols": {
      "version": "1.1.0",
      "resolved": "https://registry.npmjs.org/has-symbols/-/has-symbols-1.1.0.tgz",
      "integrity": "sha512-1cDNdwJ2Jaohmb3sg4OmKaMBwuC48sYni5HUw2DvsC8LjGTLK9h+eb1X6RyuOHe4hT0ULCW68iomhjUoKUqlPQ==",
      "license": "MIT",
      "engines": {
        "node": ">= 0.4"
      },
      "funding": {
        "url": "https://github.com/sponsors/ljharb"
      }
    },
    "node_modules/has-tostringtag": {
      "version": "1.0.2",
      "resolved": "https://registry.npmjs.org/has-tostringtag/-/has-tostringtag-1.0.2.tgz",
      "integrity": "sha512-NqADB8VjPFLM2V0VvHUewwwsw0ZWBaIdgo+ieHtK3hasLz4qeCRjYcqfB6AQrBggRKppKF8L52/VqdVsO47Dlw==",
      "license": "MIT",
      "dependencies": {
        "has-symbols": "^1.0.3"
      },
      "engines": {
        "node": ">= 0.4"
      },
      "funding": {
        "url": "https://github.com/sponsors/ljharb"
      }
    },
    "node_modules/hasown": {
      "version": "2.0.2",
      "resolved": "https://registry.npmjs.org/hasown/-/hasown-2.0.2.tgz",
      "integrity": "sha512-0hJU9SCPvmMzIBdZFqNPXWa6dqh7WdH0cII9y+CyS8rG3nL48Bclra9HmKhVVUHyPWNH5Y7xDwAB7bfgSjkUMQ==",
      "license": "MIT",
      "dependencies": {
        "function-bind": "^1.1.2"
      },
      "engines": {
        "node": ">= 0.4"
      }
    },
    "node_modules/ieee754": {
      "version": "1.1.13",
      "resolved": "https://registry.npmjs.org/ieee754/-/ieee754-1.1.13.tgz",
      "integrity": "sha512-4vf7I2LYV/HaWerSo3XmlMkp5eZ83i+/CDluXi/IGTs/O1sejBNhTtnxzmRZfvOUqj7lZjqHkeTvpgSFDlWZTg==",
      "license": "BSD-3-Clause"
    },
    "node_modules/inflight": {
      "version": "1.0.6",
      "resolved": "https://registry.npmjs.org/inflight/-/inflight-1.0.6.tgz",
      "integrity": "sha1-Sb1jMdfQLQwJvJEKEHW6gWW1bfk=",
      "deprecated": "This module is not supported, and leaks memory. Do not use it. Check out lru-cache if you want a good and tested way to coalesce async requests by a key value, which is much more comprehensive and powerful.",
      "dev": true,
      "dependencies": {
        "once": "^1.3.0",
        "wrappy": "1"
      }
    },
    "node_modules/inherits": {
      "version": "2.0.3",
      "resolved": "https://registry.npmjs.org/inherits/-/inherits-2.0.3.tgz",
      "integrity": "sha1-Yzwsg+PaQqUC9SRmAiSA9CCCYd4="
    },
    "node_modules/is-arguments": {
      "version": "1.2.0",
      "resolved": "https://registry.npmjs.org/is-arguments/-/is-arguments-1.2.0.tgz",
      "integrity": "sha512-7bVbi0huj/wrIAOzb8U1aszg9kdi3KN/CyU19CTI7tAoZYEZoL9yCDXpbXN+uPsuWnP02cyug1gleqq+TU+YCA==",
      "license": "MIT",
      "dependencies": {
        "call-bound": "^1.0.2",
        "has-tostringtag": "^1.0.2"
      },
      "engines": {
        "node": ">= 0.4"
      },
      "funding": {
        "url": "https://github.com/sponsors/ljharb"
      }
    },
    "node_modules/is-callable": {
      "version": "1.2.7",
      "resolved": "https://registry.npmjs.org/is-callable/-/is-callable-1.2.7.tgz",
      "integrity": "sha512-1BC0BVFhS/p0qtw6enp8e+8OD0UrK0oFLztSjNzhcKA3WDuJxxAPXzPuPtKkjEY9UUoEWlX/8fgKeu2S8i9JTA==",
      "license": "MIT",
      "engines": {
        "node": ">= 0.4"
      },
      "funding": {
        "url": "https://github.com/sponsors/ljharb"
      }
    },
    "node_modules/is-date-object": {
      "version": "1.0.1",
      "resolved": "https://registry.npmjs.org/is-date-object/-/is-date-object-1.0.1.tgz",
      "integrity": "sha1-mqIOtq7rv/d/vTPnTKAbM1gdOhY=",
      "dev": true,
      "engines": {
        "node": ">= 0.4"
      }
    },
    "node_modules/is-generator-function": {
      "version": "1.1.0",
      "resolved": "https://registry.npmjs.org/is-generator-function/-/is-generator-function-1.1.0.tgz",
      "integrity": "sha512-nPUB5km40q9e8UfN/Zc24eLlzdSf9OfKByBw9CIdw4H1giPMeA0OIJvbchsCu4npfI2QcMVBsGEBHKZ7wLTWmQ==",
      "license": "MIT",
      "dependencies": {
        "call-bound": "^1.0.3",
        "get-proto": "^1.0.0",
        "has-tostringtag": "^1.0.2",
        "safe-regex-test": "^1.1.0"
      },
      "engines": {
        "node": ">= 0.4"
      },
      "funding": {
        "url": "https://github.com/sponsors/ljharb"
      }
    },
    "node_modules/is-regex": {
      "version": "1.2.1",
      "resolved": "https://registry.npmjs.org/is-regex/-/is-regex-1.2.1.tgz",
      "integrity": "sha512-MjYsKHO5O7mCsmRGxWcLWheFqN9DJ/2TmngvjKXihe6efViPqc274+Fx/4fYj/r03+ESvBdTXK0V6tA3rgez1g==",
      "license": "MIT",
      "dependencies": {
        "call-bound": "^1.0.2",
        "gopd": "^1.2.0",
        "has-tostringtag": "^1.0.2",
        "hasown": "^2.0.2"
      },
      "engines": {
        "node": ">= 0.4"
      },
      "funding": {
        "url": "https://github.com/sponsors/ljharb"
      }
    },
    "node_modules/is-symbol": {
      "version": "1.0.2",
      "resolved": "https://registry.npmjs.org/is-symbol/-/is-symbol-1.0.2.tgz",
      "integrity": "sha512-HS8bZ9ox60yCJLH9snBpIwv9pYUAkcuLhSA1oero1UB5y9aiQpRA8y2ex945AOtCZL1lJDeIk3G5LthswI46Lw==",
      "dev": true,
      "dependencies": {
        "has-symbols": "^1.0.0"
      },
      "engines": {
        "node": ">= 0.4"
      }
    },
    "node_modules/is-typed-array": {
      "version": "1.1.15",
      "resolved": "https://registry.npmjs.org/is-typed-array/-/is-typed-array-1.1.15.tgz",
      "integrity": "sha512-p3EcsicXjit7SaskXHs1hA91QxgTw46Fv6EFKKGS5DRFLD8yKnohjF3hxoju94b/OcMZoQukzpPpBE9uLVKzgQ==",
      "license": "MIT",
      "dependencies": {
        "which-typed-array": "^1.1.16"
      },
      "engines": {
        "node": ">= 0.4"
      },
      "funding": {
        "url": "https://github.com/sponsors/ljharb"
      }
    },
    "node_modules/isarray": {
      "version": "1.0.0",
      "resolved": "https://registry.npmjs.org/isarray/-/isarray-1.0.0.tgz",
      "integrity": "sha512-VLghIWNM6ELQzo7zwmcg0NmTVyWKYjvIeM83yjp0wRDTmUnrM678fQbcKBo6n2CJEF0szoG//ytg+TKla89ALQ==",
      "license": "MIT"
    },
    "node_modules/jmespath": {
      "version": "0.16.0",
      "resolved": "https://registry.npmjs.org/jmespath/-/jmespath-0.16.0.tgz",
      "integrity": "sha512-9FzQjJ7MATs1tSpnco1K6ayiYE3figslrXA72G2HQ/n76RzvYlofyi5QM+iX4YRs/pu3yzxlVQSST23+dMDknw==",
      "license": "Apache-2.0",
      "engines": {
        "node": ">= 0.6.0"
      }
    },
    "node_modules/just-extend": {
      "version": "3.0.0",
      "resolved": "https://registry.npmjs.org/just-extend/-/just-extend-3.0.0.tgz",
      "integrity": "sha512-Fu3T6pKBuxjWT/p4DkqGHFRsysc8OauWr4ZRTY9dIx07Y9O0RkoR5jcv28aeD1vuAwhm3nLkDurwLXoALp4DpQ==",
      "dev": true
    },
    "node_modules/lodash.get": {
      "version": "4.4.2",
      "resolved": "https://registry.npmjs.org/lodash.get/-/lodash.get-4.4.2.tgz",
      "integrity": "sha1-LRd/ZS+jHpObRDjVNBSZ36OCXpk=",
      "deprecated": "This package is deprecated. Use the optional chaining (?.) operator instead.",
      "dev": true
    },
    "node_modules/lolex": {
      "version": "2.7.5",
      "resolved": "https://registry.npmjs.org/lolex/-/lolex-2.7.5.tgz",
      "integrity": "sha512-l9x0+1offnKKIzYVjyXU2SiwhXDLekRzKyhnbyldPHvC7BvLPVpdNUNR2KeMAiCN2D/kLNttZgQD5WjSxuBx3Q==",
      "dev": true
    },
    "node_modules/math-intrinsics": {
      "version": "1.1.0",
      "resolved": "https://registry.npmjs.org/math-intrinsics/-/math-intrinsics-1.1.0.tgz",
      "integrity": "sha512-/IXtbwEk5HTPyEwyKX6hGkYXxM9nbj64B+ilVJnC/R6B0pH5G4V3b0pVbL7DBj4tkhBAppbQUlf6F6Xl9LHu1g==",
      "license": "MIT",
      "engines": {
        "node": ">= 0.4"
      }
    },
    "node_modules/minimatch": {
      "version": "3.0.4",
      "resolved": "https://registry.npmjs.org/minimatch/-/minimatch-3.0.4.tgz",
      "integrity": "sha512-yJHVQEhyqPLUTgt9B83PXu6W3rx4MvvHvSUvToogpwoGDOUQ+yDrR0HRot+yOCdCO7u4hX3pWft6kWBBcqh0UA==",
      "dev": true,
      "dependencies": {
        "brace-expansion": "^1.1.7"
      },
      "engines": {
        "node": "*"
      }
    },
    "node_modules/minimist": {
      "version": "1.2.0",
      "resolved": "http://registry.npmjs.org/minimist/-/minimist-1.2.0.tgz",
      "integrity": "sha1-o1AIsg9BOD7sH7kU9M1d95omQoQ=",
      "dev": true
    },
    "node_modules/nise": {
      "version": "1.4.5",
      "resolved": "https://registry.npmjs.org/nise/-/nise-1.4.5.tgz",
      "integrity": "sha512-OHRVvdxKgwZELf2DTgsJEIA4MOq8XWvpSUzoOXyxJ2mY0mMENWC66+70AShLR2z05B1dzrzWlUQJmJERlOUpZw==",
      "dev": true,
      "dependencies": {
        "@sinonjs/formatio": "3.0.0",
        "just-extend": "^3.0.0",
        "lolex": "^2.3.2",
        "path-to-regexp": "^1.7.0",
        "text-encoding": "^0.6.4"
      }
    },
    "node_modules/object-inspect": {
      "version": "1.6.0",
      "resolved": "https://registry.npmjs.org/object-inspect/-/object-inspect-1.6.0.tgz",
      "integrity": "sha512-GJzfBZ6DgDAmnuaM3104jR4s1Myxr3Y3zfIyN4z3UdqN69oSRacNK8UhnobDdC+7J2AHCjGwxQubNJfE70SXXQ==",
      "dev": true
    },
    "node_modules/object-keys": {
      "version": "1.0.12",
      "resolved": "https://registry.npmjs.org/object-keys/-/object-keys-1.0.12.tgz",
      "integrity": "sha512-FTMyFUm2wBcGHnH2eXmz7tC6IwlqQZ6mVZ+6dm6vZ4IQIHjs6FdNsQBuKGPuUUUY6NfJw2PshC08Tn6LzLDOag==",
      "dev": true,
      "engines": {
        "node": ">= 0.4"
      }
    },
    "node_modules/once": {
      "version": "1.4.0",
      "resolved": "https://registry.npmjs.org/once/-/once-1.4.0.tgz",
      "integrity": "sha1-WDsap3WWHUsROsF9nFC6753Xa9E=",
      "dev": true,
      "dependencies": {
        "wrappy": "1"
      }
    },
    "node_modules/path-is-absolute": {
      "version": "1.0.1",
      "resolved": "https://registry.npmjs.org/path-is-absolute/-/path-is-absolute-1.0.1.tgz",
      "integrity": "sha1-F0uSaHNVNP+8es5r9TpanhtcX18=",
      "dev": true,
      "engines": {
        "node": ">=0.10.0"
      }
    },
    "node_modules/path-parse": {
      "version": "1.0.6",
      "resolved": "https://registry.npmjs.org/path-parse/-/path-parse-1.0.6.tgz",
      "integrity": "sha512-GSmOT2EbHrINBf9SR7CDELwlJ8AENk3Qn7OikK4nFYAu3Ote2+JYNVvkpAEQm3/TLNEJFD/xZJjzyxg3KBWOzw==",
      "dev": true
    },
    "node_modules/path-to-regexp": {
      "version": "1.7.0",
      "resolved": "https://registry.npmjs.org/path-to-regexp/-/path-to-regexp-1.7.0.tgz",
      "integrity": "sha1-Wf3g9DW62suhA6hOnTvGTpa5k30=",
      "dev": true,
      "dependencies": {
        "isarray": "0.0.1"
      }
    },
    "node_modules/path-to-regexp/node_modules/isarray": {
      "version": "0.0.1",
      "resolved": "https://registry.npmjs.org/isarray/-/isarray-0.0.1.tgz",
      "integrity": "sha1-ihis/Kmo9Bd+Cav8YDiTmwXR7t8=",
      "dev": true
    },
    "node_modules/possible-typed-array-names": {
      "version": "1.1.0",
      "resolved": "https://registry.npmjs.org/possible-typed-array-names/-/possible-typed-array-names-1.1.0.tgz",
      "integrity": "sha512-/+5VFTchJDoVj3bhoqi6UeymcD00DAwb1nJwamzPvHEszJ4FpF6SNNbUbOS8yI56qHzdV8eK0qEfOSiodkTdxg==",
      "license": "MIT",
      "engines": {
        "node": ">= 0.4"
      }
    },
    "node_modules/punycode": {
      "version": "1.3.2",
      "resolved": "https://registry.npmjs.org/punycode/-/punycode-1.3.2.tgz",
      "integrity": "sha1-llOgNvt8HuQjQvIyXM7v6jkmxI0="
    },
    "node_modules/querystring": {
      "version": "0.2.0",
      "resolved": "https://registry.npmjs.org/querystring/-/querystring-0.2.0.tgz",
      "integrity": "sha1-sgmEkgO7Jd+CDadW50cAWHhSFiA=",
      "deprecated": "The querystring API is considered Legacy. new code should use the URLSearchParams API instead.",
      "engines": {
        "node": ">=0.4.x"
      }
    },
    "node_modules/resolve": {
      "version": "1.7.1",
      "resolved": "https://registry.npmjs.org/resolve/-/resolve-1.7.1.tgz",
      "integrity": "sha512-c7rwLofp8g1U+h1KNyHL/jicrKg1Ek4q+Lr33AL65uZTinUZHe30D5HlyN5V9NW0JX1D5dXQ4jqW5l7Sy/kGfw==",
      "dev": true,
      "dependencies": {
        "path-parse": "^1.0.5"
      }
    },
    "node_modules/resumer": {
      "version": "0.0.0",
      "resolved": "https://registry.npmjs.org/resumer/-/resumer-0.0.0.tgz",
      "integrity": "sha1-8ej0YeQGS6Oegq883CqMiT0HZ1k=",
      "dev": true,
      "dependencies": {
        "through": "~2.3.4"
      }
    },
    "node_modules/safe-regex-test": {
      "version": "1.1.0",
      "resolved": "https://registry.npmjs.org/safe-regex-test/-/safe-regex-test-1.1.0.tgz",
      "integrity": "sha512-x/+Cz4YrimQxQccJf5mKEbIa1NzeCRNI5Ecl/ekmlYaampdNLPalVyIcCZNNH3MvmqBugV5TMYZXv0ljslUlaw==",
      "license": "MIT",
      "dependencies": {
        "call-bound": "^1.0.2",
        "es-errors": "^1.3.0",
        "is-regex": "^1.2.1"
      },
      "engines": {
        "node": ">= 0.4"
      },
      "funding": {
        "url": "https://github.com/sponsors/ljharb"
      }
    },
    "node_modules/sax": {
      "version": "1.2.1",
      "resolved": "http://registry.npmjs.org/sax/-/sax-1.2.1.tgz",
      "integrity": "sha512-8I2a3LovHTOpm7NV5yOyO8IHqgVsfK4+UuySrXU8YXkSRX7k6hCV9b3HrkKCr3nMpgj+0bmocaJJWpvp1oc7ZA==",
      "license": "ISC"
    },
    "node_modules/set-function-length": {
      "version": "1.2.2",
      "resolved": "https://registry.npmjs.org/set-function-length/-/set-function-length-1.2.2.tgz",
      "integrity": "sha512-pgRc4hJ4/sNjWCSS9AmnS40x3bNMDTknHgL5UaMBTMyJnU90EgWh1Rz+MC9eFu4BuN/UwZjKQuY/1v3rM7HMfg==",
      "license": "MIT",
      "dependencies": {
        "define-data-property": "^1.1.4",
        "es-errors": "^1.3.0",
        "function-bind": "^1.1.2",
        "get-intrinsic": "^1.2.4",
        "gopd": "^1.0.1",
        "has-property-descriptors": "^1.0.2"
      },
      "engines": {
        "node": ">= 0.4"
      }
    },
    "node_modules/sinon": {
      "version": "6.3.4",
      "resolved": "https://registry.npmjs.org/sinon/-/sinon-6.3.4.tgz",
      "integrity": "sha512-NIaR56Z1mefuRBXYrf4otqBxkWiKveX+fvqs3HzFq2b07HcgpkMgIwmQM/owNjNFAHkx0kJXW+Q0mDthiuslXw==",
      "deprecated": "16.1.1",
      "dev": true,
      "dependencies": {
        "@sinonjs/commons": "^1.0.2",
        "@sinonjs/formatio": "^3.0.0",
        "@sinonjs/samsam": "^2.1.1",
        "diff": "^3.5.0",
        "lodash.get": "^4.4.2",
        "lolex": "^2.7.4",
        "nise": "^1.4.5",
        "supports-color": "^5.5.0",
        "type-detect": "^4.0.8"
      }
    },
    "node_modules/string.prototype.trim": {
      "version": "1.1.2",
      "resolved": "https://registry.npmjs.org/string.prototype.trim/-/string.prototype.trim-1.1.2.tgz",
      "integrity": "sha1-0E3iyJ4Tf019IG8Ia17S+ua+jOo=",
      "dev": true,
      "dependencies": {
        "define-properties": "^1.1.2",
        "es-abstract": "^1.5.0",
        "function-bind": "^1.0.2"
      },
      "engines": {
        "node": ">= 0.4"
      }
    },
    "node_modules/supports-color": {
      "version": "5.5.0",
      "resolved": "https://registry.npmjs.org/supports-color/-/supports-color-5.5.0.tgz",
      "integrity": "sha512-QjVjwdXIt408MIiAqCX4oUKsgU2EqAGzs2Ppkm4aQYbjm+ZEWEcW4SfFNTr4uMNZma0ey4f5lgLrkB0aX0QMow==",
      "dev": true,
      "dependencies": {
        "has-flag": "^3.0.0"
      },
      "engines": {
        "node": ">=4"
      }
    },
    "node_modules/tape": {
      "version": "4.9.1",
      "resolved": "https://registry.npmjs.org/tape/-/tape-4.9.1.tgz",
      "integrity": "sha512-6fKIXknLpoe/Jp4rzHKFPpJUHDHDqn8jus99IfPnHIjyz78HYlefTGD3b5EkbQzuLfaEvmfPK3IolLgq2xT3kw==",
      "dev": true,
      "dependencies": {
        "deep-equal": "~1.0.1",
        "defined": "~1.0.0",
        "for-each": "~0.3.3",
        "function-bind": "~1.1.1",
        "glob": "~7.1.2",
        "has": "~1.0.3",
        "inherits": "~2.0.3",
        "minimist": "~1.2.0",
        "object-inspect": "~1.6.0",
        "resolve": "~1.7.1",
        "resumer": "~0.0.0",
        "string.prototype.trim": "~1.1.2",
        "through": "~2.3.8"
      },
      "bin": {
        "tape": "bin/tape"
      }
    },
    "node_modules/text-encoding": {
      "version": "0.6.4",
      "resolved": "http://registry.npmjs.org/text-encoding/-/text-encoding-0.6.4.tgz",
      "integrity": "sha1-45mpgiV6J22uQou5KEXLcb3CbRk=",
      "deprecated": "no longer maintained",
      "dev": true
    },
    "node_modules/through": {
      "version": "2.3.8",
      "resolved": "http://registry.npmjs.org/through/-/through-2.3.8.tgz",
      "integrity": "sha1-DdTJ/6q8NXlgsbckEV1+Doai4fU=",
      "dev": true
    },
    "node_modules/traverse": {
      "version": "0.6.6",
      "resolved": "https://registry.npmjs.org/traverse/-/traverse-0.6.6.tgz",
      "integrity": "sha1-y99WD9e5r2MlAv7UD5GMFX6pcTc=",
      "dev": true
    },
    "node_modules/type-detect": {
      "version": "4.0.8",
      "resolved": "https://registry.npmjs.org/type-detect/-/type-detect-4.0.8.tgz",
      "integrity": "sha512-0fr/mIH1dlO+x7TlcMy+bIDqKPsw/70tVyeHW787goQjhmqaZe10uwLujubK9q9Lg6Fiho1KUKDYz0Z7k7g5/g==",
      "dev": true,
      "engines": {
        "node": ">=4"
      }
    },
    "node_modules/url": {
      "version": "0.10.3",
      "resolved": "https://registry.npmjs.org/url/-/url-0.10.3.tgz",
      "integrity": "sha1-Ah5NnHcF8hu/N9A861h2dAJ3TGQ=",
      "dependencies": {
        "punycode": "1.3.2",
        "querystring": "0.2.0"
      }
    },
    "node_modules/util": {
      "version": "0.12.5",
      "resolved": "https://registry.npmjs.org/util/-/util-0.12.5.tgz",
      "integrity": "sha512-kZf/K6hEIrWHI6XqOFUiiMa+79wE/D8Q+NCNAWclkyg3b4d2k7s0QGepNjiABc+aR3N1PAyHL7p6UcLY6LmrnA==",
      "license": "MIT",
      "dependencies": {
        "inherits": "^2.0.3",
        "is-arguments": "^1.0.4",
        "is-generator-function": "^1.0.7",
        "is-typed-array": "^1.1.3",
        "which-typed-array": "^1.1.2"
      }
    },
    "node_modules/uuid": {
      "version": "8.0.0",
      "resolved": "https://registry.npmjs.org/uuid/-/uuid-8.0.0.tgz",
      "integrity": "sha512-jOXGuXZAWdsTH7eZLtyXMqUb9EcWMGZNbL9YcGBJl4MH4nrxHmZJhEHvyLFrkxo+28uLb/NYRcStH48fnD0Vzw==",
      "license": "MIT",
      "bin": {
        "uuid": "dist/bin/uuid"
      }
    },
    "node_modules/which-typed-array": {
      "version": "1.1.19",
      "resolved": "https://registry.npmjs.org/which-typed-array/-/which-typed-array-1.1.19.tgz",
      "integrity": "sha512-rEvr90Bck4WZt9HHFC4DJMsjvu7x+r6bImz0/BrbWb7A2djJ8hnZMrWnHo9F8ssv0OMErasDhftrfROTyqSDrw==",
      "license": "MIT",
      "dependencies": {
        "available-typed-arrays": "^1.0.7",
        "call-bind": "^1.0.8",
        "call-bound": "^1.0.4",
        "for-each": "^0.3.5",
        "get-proto": "^1.0.1",
        "gopd": "^1.2.0",
        "has-tostringtag": "^1.0.2"
      },
      "engines": {
        "node": ">= 0.4"
      },
      "funding": {
        "url": "https://github.com/sponsors/ljharb"
      }
    },
    "node_modules/wrappy": {
      "version": "1.0.2",
      "resolved": "https://registry.npmjs.org/wrappy/-/wrappy-1.0.2.tgz",
      "integrity": "sha1-tSQ9jz7BqjXxNkYFvA0QNuMKtp8=",
      "dev": true
    },
    "node_modules/xml2js": {
      "version": "0.6.2",
      "resolved": "https://registry.npmjs.org/xml2js/-/xml2js-0.6.2.tgz",
      "integrity": "sha512-T4rieHaC1EXcES0Kxxj4JWgaUQHDk+qwHcYOCFHfiwKz7tOVPLq7Hjq9dM1WCMhylqMEfP7hMcOIChvotiZegA==",
      "license": "MIT",
      "dependencies": {
        "sax": ">=0.6.0",
        "xmlbuilder": "~11.0.0"
      },
      "engines": {
        "node": ">=4.0.0"
      }
    },
    "node_modules/xmlbuilder": {
      "version": "11.0.1",
      "resolved": "https://registry.npmjs.org/xmlbuilder/-/xmlbuilder-11.0.1.tgz",
      "integrity": "sha512-fDlsI/kFEx7gLvbecc0/ohLG50fugQp8ryHzMTuW9vSa1GJ0XYWKnhsUx7oie3G98+r56aTQIUB4kht42R3JvA==",
      "license": "MIT",
      "engines": {
        "node": ">=4.0"
      }
    }
  }
}
